
Microsoft Visual Studio Solution File, Format Version 12.00
# Visual Studio 15
VisualStudioVersion = 15.0.27703.2047
MinimumVisualStudioVersion = 10.0.40219.1
Project("{FAE04EC0-301F-11D3-BF4B-00C04F79EFBC}") = "aula-16-orientacao-a-objetos-interface", "aula-16-orientacao-a-objeto-interface\aula-16-orientacao-a-objetos-interface.csproj", "{352DDA37-CA3A-49EC-BA04-5158AA5A4BA7}"
EndProject
Global
	GlobalSection(SolutionConfigurationPlatforms) = preSolution
		Debug|Any CPU = Debug|Any CPU
		Release|Any CPU = Release|Any CPU
	EndGlobalSection
	GlobalSection(ProjectConfigurationPlatforms) = postSolution
		{352DDA37-CA3A-49EC-BA04-5158AA5A4BA7}.Debug|Any CPU.ActiveCfg = Debug|Any CPU
		{352DDA37-CA3A-49EC-BA04-5158AA5A4BA7}.Debug|Any CPU.Build.0 = Debug|Any CPU
		{352DDA37-CA3A-49EC-BA04-5158AA5A4BA7}.Release|Any CPU.ActiveCfg = Release|Any CPU
		{352DDA37-CA3A-49EC-BA04-5158AA5A4BA7}.Release|Any CPU.Build.0 = Release|Any CPU
	EndGlobalSection
	GlobalSection(SolutionProperties) = preSolution
		HideSolutionNode = FALSE
	EndGlobalSection
	GlobalSection(ExtensibilityGlobals) = postSolution
		SolutionGuid = {776CFD78-8EF3-4E6A-96FE-52B7D8B021EC}
	EndGlobalSection
EndGlobal
